{
  "format_version": "0.1",
  "terraform_version": "0.12.25",
  "planned_values": {
    "outputs": {
      "bucket_names": {
        "sensitive": false,
        "value": [
          "tftest-bucket1",
          "tftest-bucket2",
          "tftest-bucket3"
        ]
      }
    },
    "root_module": {
      "resources": [
        {
          "address": "aws_s3_bucket.bucket1",
          "mode": "managed",
          "type": "aws_s3_bucket",
          "name": "bucket1",
          "provider_name": "aws",
          "schema_version": 0,
          "values": {
            "acl": "private",
            "bucket": "tftest-bucket1",
            "bucket_prefix": null,
            "cors_rule": [],
            "force_destroy": false,
            "grant": [],
            "lifecycle_rule": [],
            "logging": [],
            "object_lock_configuration": [],
            "policy": null,
            "replication_configuration": [],
            "server_side_encryption_configuration": [],
            "tags": {
              "application_id": "cna",
              "created_by": "rhutto@deliveredtech.com",
              "stack_name": "stacked"
            },
            "versioning": [
              {
                "enabled": true,
                "mfa_delete": false
              }
            ],
            "website": []
          }
        }
      ],
      "child_modules": [
        {
          "resources": [
            {
              "address": "module.bucket2.aws_s3_bucket.bucket2",
              "mode": "managed",
              "type": "aws_s3_bucket",
              "name": "bucket2",
              "provider_name": "aws",
              "schema_version": 0,
              "values": {
                "acl": "private",
                "bucket": "tftest-bucket2",
                "bucket_prefix": null,
                "cors_rule": [],
                "force_destroy": false,
                "grant": [],
                "lifecycle_rule": [],
                "logging": [],
                "object_lock_configuration": [],
                "policy": null,
                "replication_configuration": [],
                "server_side_encryption_configuration": [],
                "tags": {
                  "application_id": "cna",
                  "created_by": "rhutto@deliveredtech.com",
                  "stack_name": "stacked"
                },
                "versioning": [
                  {
                    "enabled": true,
                    "mfa_delete": false
                  }
                ],
                "website": []
              }
            }
          ],
          "address": "module.bucket2",
          "child_modules": [
            {
              "resources": [
                {
                  "address": "module.bucket2.module.bucket3.aws_s3_bucket.bucket3",
                  "mode": "managed",
                  "type": "aws_s3_bucket",
                  "name": "bucket3",
                  "provider_name": "aws",
                  "schema_version": 0,
                  "values": {
                    "acl": "private",
                    "bucket": "tftest-bucket3",
                    "bucket_prefix": null,
                    "cors_rule": [],
                    "force_destroy": false,
                    "grant": [],
                    "lifecycle_rule": [],
                    "logging": [],
                    "object_lock_configuration": [],
                    "policy": null,
                    "replication_configuration": [],
                    "server_side_encryption_configuration": [],
                    "tags": {
                      "application_id": "cna",
                      "created_by": "rhutto@deliveredtech.com",
                      "stack_name": "stacked"
                    },
                    "versioning": [
                      {
                        "enabled": true,
                        "mfa_delete": false
                      }
                    ],
                    "website": []
                  }
                }
              ],
              "address": "module.bucket2.module.bucket3"
            }
          ]
        }
      ]
    }
  },
  "resource_changes": [
    {
      "address": "aws_s3_bucket.bucket1",
      "mode": "managed",
      "type": "aws_s3_bucket",
      "name": "bucket1",
      "provider_name": "aws",
      "change": {
        "actions": [
          "create"
        ],
        "before": null,
        "after": {
          "acl": "private",
          "bucket": "tftest-bucket1",
          "bucket_prefix": null,
          "cors_rule": [],
          "force_destroy": false,
          "grant": [],
          "lifecycle_rule": [],
          "logging": [],
          "object_lock_configuration": [],
          "policy": null,
          "replication_configuration": [],
          "server_side_encryption_configuration": [],
          "tags": {
            "application_id": "cna",
            "created_by": "rhutto@deliveredtech.com",
            "stack_name": "stacked"
          },
          "versioning": [
            {
              "enabled": true,
              "mfa_delete": false
            }
          ],
          "website": []
        },
        "after_unknown": {
          "acceleration_status": true,
          "arn": true,
          "bucket_domain_name": true,
          "bucket_regional_domain_name": true,
          "cors_rule": [],
          "grant": [],
          "hosted_zone_id": true,
          "id": true,
          "lifecycle_rule": [],
          "logging": [],
          "object_lock_configuration": [],
          "region": true,
          "replication_configuration": [],
          "request_payer": true,
          "server_side_encryption_configuration": [],
          "tags": {},
          "versioning": [
            {}
          ],
          "website": [],
          "website_domain": true,
          "website_endpoint": true
        }
      }
    },
    {
      "address": "module.bucket2.aws_s3_bucket.bucket2",
      "module_address": "module.bucket2",
      "mode": "managed",
      "type": "aws_s3_bucket",
      "name": "bucket2",
      "provider_name": "aws",
      "change": {
        "actions": [
          "create"
        ],
        "before": null,
        "after": {
          "acl": "private",
          "bucket": "tftest-bucket2",
          "bucket_prefix": null,
          "cors_rule": [],
          "force_destroy": false,
          "grant": [],
          "lifecycle_rule": [],
          "logging": [],
          "object_lock_configuration": [],
          "policy": null,
          "replication_configuration": [],
          "server_side_encryption_configuration": [],
          "tags": {
            "application_id": "cna",
            "created_by": "rhutto@deliveredtech.com",
            "stack_name": "stacked"
          },
          "versioning": [
            {
              "enabled": true,
              "mfa_delete": false
            }
          ],
          "website": []
        },
        "after_unknown": {
          "acceleration_status": true,
          "arn": true,
          "bucket_domain_name": true,
          "bucket_regional_domain_name": true,
          "cors_rule": [],
          "grant": [],
          "hosted_zone_id": true,
          "id": true,
          "lifecycle_rule": [],
          "logging": [],
          "object_lock_configuration": [],
          "region": true,
          "replication_configuration": [],
          "request_payer": true,
          "server_side_encryption_configuration": [],
          "tags": {},
          "versioning": [
            {}
          ],
          "website": [],
          "website_domain": true,
          "website_endpoint": true
        }
      }
    },
    {
      "address": "module.bucket2.module.bucket3.aws_s3_bucket.bucket3",
      "module_address": "module.bucket2.module.bucket3",
      "mode": "managed",
      "type": "aws_s3_bucket",
      "name": "bucket3",
      "provider_name": "aws",
      "change": {
        "actions": [
          "create"
        ],
        "before": null,
        "after": {
          "acl": "private",
          "bucket": "tftest-bucket3",
          "bucket_prefix": null,
          "cors_rule": [],
          "force_destroy": false,
          "grant": [],
          "lifecycle_rule": [],
          "logging": [],
          "object_lock_configuration": [],
          "policy": null,
          "replication_configuration": [],
          "server_side_encryption_configuration": [],
          "tags": {
            "application_id": "cna",
            "created_by": "rhutto@deliveredtech.com",
            "stack_name": "stacked"
          },
          "versioning": [
            {
              "enabled": true,
              "mfa_delete": false
            }
          ],
          "website": []
        },
        "after_unknown": {
          "acceleration_status": true,
          "arn": true,
          "bucket_domain_name": true,
          "bucket_regional_domain_name": true,
          "cors_rule": [],
          "grant": [],
          "hosted_zone_id": true,
          "id": true,
          "lifecycle_rule": [],
          "logging": [],
          "object_lock_configuration": [],
          "region": true,
          "replication_configuration": [],
          "request_payer": true,
          "server_side_encryption_configuration": [],
          "tags": {},
          "versioning": [
            {}
          ],
          "website": [],
          "website_domain": true,
          "website_endpoint": true
        }
      }
    }
  ],
  "output_changes": {
    "bucket_names": {
      "actions": [
        "create"
      ],
      "before": null,
      "after": [
        "tftest-bucket1",
        "tftest-bucket2",
        "tftest-bucket3"
      ],
      "after_unknown": false
    }
  },
  "prior_state": {
    "format_version": "0.1",
    "terraform_version": "0.12.25",
    "values": {
      "outputs": {
        "bucket_names": {
          "sensitive": false,
          "value": [
            null,
            null,
            null
          ]
        }
      },
      "root_module": {}
    }
  },
  "configuration": {
    "provider_config": {
      "aws": {
        "name": "aws",
        "expressions": {
          "region": {
            "constant_value": "us-east-1"
          }
        }
      }
    },
    "root_module": {
      "outputs": {
        "bucket_names": {
          "expression": {
            "references": [
              "aws_s3_bucket.bucket1",
              "module.bucket2.bucket_names"
            ]
          }
        }
      },
      "resources": [
        {
          "address": "aws_s3_bucket.bucket1",
          "mode": "managed",
          "type": "aws_s3_bucket",
          "name": "bucket1",
          "provider_config_key": "aws",
          "expressions": {
            "bucket": {
              "constant_value": "tftest-bucket1"
            },
            "tags": {
              "constant_value": {
                "application_id": "cna",
                "created_by": "rhutto@deliveredtech.com",
                "stack_name": "stacked"
              }
            },
            "versioning": [
              {
                "enabled": {
                  "constant_value": true
                }
              }
            ]
          },
          "schema_version": 0
        }
      ],
      "module_calls": {
        "bucket2": {
          "source": "./s3_module",
          "module": {
            "outputs": {
              "bucket_names": {
                "expression": {
                  "references": [
                    "aws_s3_bucket.bucket2",
                    "module.bucket3.bucket_name"
                  ]
                }
              }
            },
            "resources": [
              {
                "address": "aws_s3_bucket.bucket2",
                "mode": "managed",
                "type": "aws_s3_bucket",
                "name": "bucket2",
                "provider_config_key": "bucket2:aws",
                "expressions": {
                  "bucket": {
                    "constant_value": "tftest-bucket2"
                  },
                  "tags": {
                    "constant_value": {
                      "application_id": "cna",
                      "created_by": "rhutto@deliveredtech.com",
                      "stack_name": "stacked"
                    }
                  },
                  "versioning": [
                    {
                      "enabled": {
                        "constant_value": true
                      }
                    }
                  ]
                },
                "schema_version": 0
              }
            ],
            "module_calls": {
              "bucket3": {
                "source": "../s3_submodule",
                "module": {
                  "outputs": {
                    "bucket_name": {
                      "expression": {
                        "references": [
                          "aws_s3_bucket.bucket3"
                        ]
                      }
                    }
                  },
                  "resources": [
                    {
                      "address": "aws_s3_bucket.bucket3",
                      "mode": "managed",
                      "type": "aws_s3_bucket",
                      "name": "bucket3",
                      "provider_config_key": "bucket3:aws",
                      "expressions": {
                        "bucket": {
                          "constant_value": "tftest-bucket3"
                        },
                        "tags": {
                          "constant_value": {
                            "application_id": "cna",
                            "created_by": "rhutto@deliveredtech.com",
                            "stack_name": "stacked"
                          }
                        },
                        "versioning": [
                          {
                            "enabled": {
                              "constant_value": true
                            }
                          }
                        ]
                      },
                      "schema_version": 0
                    }
                  ]
                }
              }
            }
          }
        }
      }
    }
  }
}
